
Microsoft Visual Studio Solution File, Format Version 12.00
# Visual Studio Version 17
VisualStudioVersion = 17.7.34221.43
MinimumVisualStudioVersion = 10.0.40219.1
Project("{9A19103F-16F7-4668-BE54-9A1E7A4F7556}") = "Puzzle13", "Puzzle13\Puzzle13.csproj", "{5C322D64-CA66-42F1-A03D-003CFDE327EF}"
EndProject
Project("{FAE04EC0-301F-11D3-BF4B-00C04F79EFBC}") = "Puzzle13.Client", "Puzzle13.Client\Puzzle13.Client.csproj", "{573CBEEF-46FC-4CE4-89E7-226FB1F10107}"
EndProject
Global
	GlobalSection(SolutionConfigurationPlatforms) = preSolution
		Debug|Any CPU = Debug|Any CPU
		Release|Any CPU = Release|Any CPU
	EndGlobalSection
	GlobalSection(ProjectConfigurationPlatforms) = postSolution
		{5C322D64-CA66-42F1-A03D-003CFDE327EF}.Debug|Any CPU.ActiveCfg = Debug|Any CPU
		{5C322D64-CA66-42F1-A03D-003CFDE327EF}.Debug|Any CPU.Build.0 = Debug|Any CPU
		{5C322D64-CA66-42F1-A03D-003CFDE327EF}.Release|Any CPU.ActiveCfg = Release|Any CPU
		{5C322D64-CA66-42F1-A03D-003CFDE327EF}.Release|Any CPU.Build.0 = Release|Any CPU
		{573CBEEF-46FC-4CE4-89E7-226FB1F10107}.Debug|Any CPU.ActiveCfg = Debug|Any CPU
		{573CBEEF-46FC-4CE4-89E7-226FB1F10107}.Debug|Any CPU.Build.0 = Debug|Any CPU
		{573CBEEF-46FC-4CE4-89E7-226FB1F10107}.Release|Any CPU.ActiveCfg = Release|Any CPU
		{573CBEEF-46FC-4CE4-89E7-226FB1F10107}.Release|Any CPU.Build.0 = Release|Any CPU
	EndGlobalSection
	GlobalSection(SolutionProperties) = preSolution
		HideSolutionNode = FALSE
	EndGlobalSection
	GlobalSection(ExtensibilityGlobals) = postSolution
		SolutionGuid = {2A0CE4C0-BFF9-4BAF-AFC9-5A98E4F56031}
	EndGlobalSection
EndGlobal
